
Microsoft Visual Studio Solution File, Format Version 12.00
# Visual Studio Version 17
VisualStudioVersion = 17.9.34616.47
MinimumVisualStudioVersion = 10.0.40219.1
Project("{FAE04EC0-301F-11D3-BF4B-00C04F79EFBC}") = "HelpDeskSystem", "HelpDeskSystem.csproj", "{A9C1432D-5D5B-4488-8697-BA5999DDB529}"
EndProject
Global
	GlobalSection(SolutionConfigurationPlatforms) = preSolution
		Debug|Any CPU = Debug|Any CPU
		Release|Any CPU = Release|Any CPU
	EndGlobalSection
	GlobalSection(ProjectConfigurationPlatforms) = postSolution
		{A9C1432D-5D5B-4488-8697-BA5999DDB529}.Debug|Any CPU.ActiveCfg = Debug|Any CPU
		{A9C1432D-5D5B-4488-8697-BA5999DDB529}.Debug|Any CPU.Build.0 = Debug|Any CPU
		{A9C1432D-5D5B-4488-8697-BA5999DDB529}.Release|Any CPU.ActiveCfg = Release|Any CPU
		{A9C1432D-5D5B-4488-8697-BA5999DDB529}.Release|Any CPU.Build.0 = Release|Any CPU
	EndGlobalSection
	GlobalSection(SolutionProperties) = preSolution
		HideSolutionNode = FALSE
	EndGlobalSection
	GlobalSection(ExtensibilityGlobals) = postSolution
		SolutionGuid = {A263A6AC-AF78-417C-9DA9-8C2946C0D783}
	EndGlobalSection
EndGlobal
